
Microsoft Visual Studio Solution File, Format Version 12.00
# Visual Studio Version 16
VisualStudioVersion = 16.0.31729.503
MinimumVisualStudioVersion = 10.0.40219.1
Project("{FAE04EC0-301F-11D3-BF4B-00C04F79EFBC}") = "DSCC.CW1.7902.UI", "DSCC.CW1.7902.UI.csproj", "{9C2FA179-5A94-4241-991A-C4C85760BC9C}"
EndProject
Global
	GlobalSection(SolutionConfigurationPlatforms) = preSolution
		Debug|Any CPU = Debug|Any CPU
		Release|Any CPU = Release|Any CPU
	EndGlobalSection
	GlobalSection(ProjectConfigurationPlatforms) = postSolution
		{9C2FA179-5A94-4241-991A-C4C85760BC9C}.Debug|Any CPU.ActiveCfg = Debug|Any CPU
		{9C2FA179-5A94-4241-991A-C4C85760BC9C}.Debug|Any CPU.Build.0 = Debug|Any CPU
		{9C2FA179-5A94-4241-991A-C4C85760BC9C}.Release|Any CPU.ActiveCfg = Release|Any CPU
		{9C2FA179-5A94-4241-991A-C4C85760BC9C}.Release|Any CPU.Build.0 = Release|Any CPU
	EndGlobalSection
	GlobalSection(SolutionProperties) = preSolution
		HideSolutionNode = FALSE
	EndGlobalSection
	GlobalSection(ExtensibilityGlobals) = postSolution
		SolutionGuid = {96348770-4BEC-4099-8BCA-A7C7369F81F9}
	EndGlobalSection
EndGlobal
